
Microsoft Visual Studio Solution File, Format Version 12.00
# Visual Studio Version 17
VisualStudioVersion = 17.8.34330.188
MinimumVisualStudioVersion = 10.0.40219.1
Project("{9A19103F-16F7-4668-BE54-9A1E7A4F7556}") = "WEB_API_ASP", "WEB_API_ASP.csproj", "{0B42C8C2-26C6-4705-9773-D815EAD967AA}"
EndProject
Global
	GlobalSection(SolutionConfigurationPlatforms) = preSolution
		Debug|Any CPU = Debug|Any CPU
		Release|Any CPU = Release|Any CPU
	EndGlobalSection
	GlobalSection(ProjectConfigurationPlatforms) = postSolution
		{0B42C8C2-26C6-4705-9773-D815EAD967AA}.Debug|Any CPU.ActiveCfg = Debug|Any CPU
		{0B42C8C2-26C6-4705-9773-D815EAD967AA}.Debug|Any CPU.Build.0 = Debug|Any CPU
		{0B42C8C2-26C6-4705-9773-D815EAD967AA}.Release|Any CPU.ActiveCfg = Release|Any CPU
		{0B42C8C2-26C6-4705-9773-D815EAD967AA}.Release|Any CPU.Build.0 = Release|Any CPU
	EndGlobalSection
	GlobalSection(SolutionProperties) = preSolution
		HideSolutionNode = FALSE
	EndGlobalSection
	GlobalSection(ExtensibilityGlobals) = postSolution
		SolutionGuid = {5BA1EFA0-913B-4577-BE07-2F6CB0681765}
	EndGlobalSection
EndGlobal
